// !$*UTF8*$!
{
	archiveVersion = 1;
	classes = {
	};
	objectVersion = 46;
	objects = {

/* Begin PBXBuildFile section */
		3E1B552C1C1FA33B00682C5D /* Bolts.framework in Frameworks */ = {isa = PBXBuildFile; fileRef = 3E1B552A1C1FA33B00682C5D /* Bolts.framework */; };
		3E1B552D1C1FA33B00682C5D /* Bolts.framework in Frameworks */ = {isa = PBXBuildFile; fileRef = 3E1B552A1C1FA33B00682C5D /* Bolts.framework */; };
		3E1B552E1C1FA33B00682C5D /* Parse.framework in Frameworks */ = {isa = PBXBuildFile; fileRef = 3E1B552B1C1FA33B00682C5D /* Parse.framework */; };
		3E1B552F1C1FA33B00682C5D /* Parse.framework in Frameworks */ = {isa = PBXBuildFile; fileRef = 3E1B552B1C1FA33B00682C5D /* Parse.framework */; };
		3E1B55311C1FA4AC00682C5D /* AudioToolbox.framework in Frameworks */ = {isa = PBXBuildFile; fileRef = 3E1B55301C1FA4AC00682C5D /* AudioToolbox.framework */; };
		3E1B55331C1FA4B400682C5D /* CFNetwork.framework in Frameworks */ = {isa = PBXBuildFile; fileRef = 3E1B55321C1FA4B400682C5D /* CFNetwork.framework */; };
		3E1B55351C1FA4BB00682C5D /* CoreGraphics.framework in Frameworks */ = {isa = PBXBuildFile; fileRef = 3E1B55341C1FA4BB00682C5D /* CoreGraphics.framework */; };
		3E1B55371C1FA4C300682C5D /* CoreLocation.framework in Frameworks */ = {isa = PBXBuildFile; fileRef = 3E1B55361C1FA4C300682C5D /* CoreLocation.framework */; };
		3E1B55391C1FA4C900682C5D /* QuartzCore.framework in Frameworks */ = {isa = PBXBuildFile; fileRef = 3E1B55381C1FA4C900682C5D /* QuartzCore.framework */; };
		3E1B553B1C1FA4CF00682C5D /* Security.framework in Frameworks */ = {isa = PBXBuildFile; fileRef = 3E1B553A1C1FA4CF00682C5D /* Security.framework */; };
		3E1B553D1C1FA4D600682C5D /* StoreKit.framework in Frameworks */ = {isa = PBXBuildFile; fileRef = 3E1B553C1C1FA4D600682C5D /* StoreKit.framework */; };
		3E1B553F1C1FA4E000682C5D /* SystemConfiguration.framework in Frameworks */ = {isa = PBXBuildFile; fileRef = 3E1B553E1C1FA4E000682C5D /* SystemConfiguration.framework */; };
		3E1B55411C1FA4EF00682C5D /* libz.tbd in Frameworks */ = {isa = PBXBuildFile; fileRef = 3E1B55401C1FA4EF00682C5D /* libz.tbd */; };
		3E1B55431C1FA4F900682C5D /* libsqlite3.tbd in Frameworks */ = {isa = PBXBuildFile; fileRef = 3E1B55421C1FA4F900682C5D /* libsqlite3.tbd */; };
		3E5B0ECC1C1F9AB800292A8E /* ServiceLocatorDI.framework in Frameworks */ = {isa = PBXBuildFile; fileRef = 3E5B0EC91C1F9AB800292A8E /* ServiceLocatorDI.framework */; };
		3E5B0ECD1C1F9AB800292A8E /* WorkoutDALParse.framework in Frameworks */ = {isa = PBXBuildFile; fileRef = 3E5B0ECA1C1F9AB800292A8E /* WorkoutDALParse.framework */; };
		3E5B0ECE1C1F9AB800292A8E /* WorkoutProtocols.framework in Frameworks */ = {isa = PBXBuildFile; fileRef = 3E5B0ECB1C1F9AB800292A8E /* WorkoutProtocols.framework */; };
		3E8527061C1B9FAA00F8825B /* AppDelegate.swift in Sources */ = {isa = PBXBuildFile; fileRef = 3E8527051C1B9FAA00F8825B /* AppDelegate.swift */; };
		3E8527081C1B9FAA00F8825B /* ViewController.swift in Sources */ = {isa = PBXBuildFile; fileRef = 3E8527071C1B9FAA00F8825B /* ViewController.swift */; };
		3E85270B1C1B9FAA00F8825B /* Main.storyboard in Resources */ = {isa = PBXBuildFile; fileRef = 3E8527091C1B9FAA00F8825B /* Main.storyboard */; };
		3E85270D1C1B9FAA00F8825B /* Assets.xcassets in Resources */ = {isa = PBXBuildFile; fileRef = 3E85270C1C1B9FAA00F8825B /* Assets.xcassets */; };
		3E8527101C1B9FAA00F8825B /* LaunchScreen.storyboard in Resources */ = {isa = PBXBuildFile; fileRef = 3E85270E1C1B9FAA00F8825B /* LaunchScreen.storyboard */; };
		3E85271B1C1B9FAA00F8825B /* WorkoutAppDemoTests.swift in Sources */ = {isa = PBXBuildFile; fileRef = 3E85271A1C1B9FAA00F8825B /* WorkoutAppDemoTests.swift */; };
		3E8527261C1B9FAA00F8825B /* WorkoutAppDemoUITests.swift in Sources */ = {isa = PBXBuildFile; fileRef = 3E8527251C1B9FAA00F8825B /* WorkoutAppDemoUITests.swift */; };
		3E97095C1C2239D2000F7E9D /* DonutChart.framework in Frameworks */ = {isa = PBXBuildFile; fileRef = 3E97095B1C2239D2000F7E9D /* DonutChart.framework */; };
/* End PBXBuildFile section */

/* Begin PBXContainerItemProxy section */
		3E8527171C1B9FAA00F8825B /* PBXContainerItemProxy */ = {
			isa = PBXContainerItemProxy;
			containerPortal = 3E8526FA1C1B9FAA00F8825B /* Project object */;
			proxyType = 1;
			remoteGlobalIDString = 3E8527011C1B9FAA00F8825B;
			remoteInfo = WorkoutAppDemo;
		};
		3E8527221C1B9FAA00F8825B /* PBXContainerItemProxy */ = {
			isa = PBXContainerItemProxy;
			containerPortal = 3E8526FA1C1B9FAA00F8825B /* Project object */;
			proxyType = 1;
			remoteGlobalIDString = 3E8527011C1B9FAA00F8825B;
			remoteInfo = WorkoutAppDemo;
		};
/* End PBXContainerItemProxy section */

/* Begin PBXFileReference section */
		3E1B552A1C1FA33B00682C5D /* Bolts.framework */ = {isa = PBXFileReference; lastKnownFileType = wrapper.framework; path = Bolts.framework; sourceTree = "<group>"; };
		3E1B552B1C1FA33B00682C5D /* Parse.framework */ = {isa = PBXFileReference; lastKnownFileType = wrapper.framework; path = Parse.framework; sourceTree = "<group>"; };
		3E1B55301C1FA4AC00682C5D /* AudioToolbox.framework */ = {isa = PBXFileReference; lastKnownFileType = wrapper.framework; name = AudioToolbox.framework; path = System/Library/Frameworks/AudioToolbox.framework; sourceTree = SDKROOT; };
		3E1B55321C1FA4B400682C5D /* CFNetwork.framework */ = {isa = PBXFileReference; lastKnownFileType = wrapper.framework; name = CFNetwork.framework; path = System/Library/Frameworks/CFNetwork.framework; sourceTree = SDKROOT; };
		3E1B55341C1FA4BB00682C5D /* CoreGraphics.framework */ = {isa = PBXFileReference; lastKnownFileType = wrapper.framework; name = CoreGraphics.framework; path = System/Library/Frameworks/CoreGraphics.framework; sourceTree = SDKROOT; };
		3E1B55361C1FA4C300682C5D /* CoreLocation.framework */ = {isa = PBXFileReference; lastKnownFileType = wrapper.framework; name = CoreLocation.framework; path = System/Library/Frameworks/CoreLocation.framework; sourceTree = SDKROOT; };
		3E1B55381C1FA4C900682C5D /* QuartzCore.framework */ = {isa = PBXFileReference; lastKnownFileType = wrapper.framework; name = QuartzCore.framework; path = System/Library/Frameworks/QuartzCore.framework; sourceTree = SDKROOT; };
		3E1B553A1C1FA4CF00682C5D /* Security.framework */ = {isa = PBXFileReference; lastKnownFileType = wrapper.framework; name = Security.framework; path = System/Library/Frameworks/Security.framework; sourceTree = SDKROOT; };
		3E1B553C1C1FA4D600682C5D /* StoreKit.framework */ = {isa = PBXFileReference; lastKnownFileType = wrapper.framework; name = StoreKit.framework; path = System/Library/Frameworks/StoreKit.framework; sourceTree = SDKROOT; };
		3E1B553E1C1FA4E000682C5D /* SystemConfiguration.framework */ = {isa = PBXFileReference; lastKnownFileType = wrapper.framework; name = SystemConfiguration.framework; path = System/Library/Frameworks/SystemConfiguration.framework; sourceTree = SDKROOT; };
		3E1B55401C1FA4EF00682C5D /* libz.tbd */ = {isa = PBXFileReference; lastKnownFileType = "sourcecode.text-based-dylib-definition"; name = libz.tbd; path = usr/lib/libz.tbd; sourceTree = SDKROOT; };
		3E1B55421C1FA4F900682C5D /* libsqlite3.tbd */ = {isa = PBXFileReference; lastKnownFileType = "sourcecode.text-based-dylib-definition"; name = libsqlite3.tbd; path = usr/lib/libsqlite3.tbd; sourceTree = SDKROOT; };
		3E5B0EC91C1F9AB800292A8E /* ServiceLocatorDI.framework */ = {isa = PBXFileReference; lastKnownFileType = wrapper.framework; name = ServiceLocatorDI.framework; path = "../ServiceLocatorDI/build/Debug-iphoneos/ServiceLocatorDI.framework"; sourceTree = "<group>"; };
		3E5B0ECA1C1F9AB800292A8E /* WorkoutDALParse.framework */ = {isa = PBXFileReference; lastKnownFileType = wrapper.framework; name = WorkoutDALParse.framework; path = "../WorkoutDALParse/build/Debug-iphoneos/WorkoutDALParse.framework"; sourceTree = "<group>"; };
		3E5B0ECB1C1F9AB800292A8E /* WorkoutProtocols.framework */ = {isa = PBXFileReference; lastKnownFileType = wrapper.framework; name = WorkoutProtocols.framework; path = "../WorkoutProtocols/build/Debug-iphoneos/WorkoutProtocols.framework"; sourceTree = "<group>"; };
		3E8527021C1B9FAA00F8825B /* WorkoutAppDemo.app */ = {isa = PBXFileReference; explicitFileType = wrapper.application; includeInIndex = 0; path = WorkoutAppDemo.app; sourceTree = BUILT_PRODUCTS_DIR; };
		3E8527051C1B9FAA00F8825B /* AppDelegate.swift */ = {isa = PBXFileReference; lastKnownFileType = sourcecode.swift; path = AppDelegate.swift; sourceTree = "<group>"; };
		3E8527071C1B9FAA00F8825B /* ViewController.swift */ = {isa = PBXFileReference; lastKnownFileType = sourcecode.swift; path = ViewController.swift; sourceTree = "<group>"; };
		3E85270A1C1B9FAA00F8825B /* Base */ = {isa = PBXFileReference; lastKnownFileType = file.storyboard; name = Base; path = Base.lproj/Main.storyboard; sourceTree = "<group>"; };
		3E85270C1C1B9FAA00F8825B /* Assets.xcassets */ = {isa = PBXFileReference; lastKnownFileType = folder.assetcatalog; path = Assets.xcassets; sourceTree = "<group>"; };
		3E85270F1C1B9FAA00F8825B /* Base */ = {isa = PBXFileReference; lastKnownFileType = file.storyboard; name = Base; path = Base.lproj/LaunchScreen.storyboard; sourceTree = "<group>"; };
		3E8527111C1B9FAA00F8825B /* Info.plist */ = {isa = PBXFileReference; lastKnownFileType = text.plist.xml; path = Info.plist; sourceTree = "<group>"; };
		3E8527161C1B9FAA00F8825B /* WorkoutAppDemoTests.xctest */ = {isa = PBXFileReference; explicitFileType = wrapper.cfbundle; includeInIndex = 0; path = WorkoutAppDemoTests.xctest; sourceTree = BUILT_PRODUCTS_DIR; };
		3E85271A1C1B9FAA00F8825B /* WorkoutAppDemoTests.swift */ = {isa = PBXFileReference; lastKnownFileType = sourcecode.swift; path = WorkoutAppDemoTests.swift; sourceTree = "<group>"; };
		3E85271C1C1B9FAA00F8825B /* Info.plist */ = {isa = PBXFileReference; lastKnownFileType = text.plist.xml; path = Info.plist; sourceTree = "<group>"; };
		3E8527211C1B9FAA00F8825B /* WorkoutAppDemoUITests.xctest */ = {isa = PBXFileReference; explicitFileType = wrapper.cfbundle; includeInIndex = 0; path = WorkoutAppDemoUITests.xctest; sourceTree = BUILT_PRODUCTS_DIR; };
		3E8527251C1B9FAA00F8825B /* WorkoutAppDemoUITests.swift */ = {isa = PBXFileReference; lastKnownFileType = sourcecode.swift; path = WorkoutAppDemoUITests.swift; sourceTree = "<group>"; };
		3E8527271C1B9FAA00F8825B /* Info.plist */ = {isa = PBXFileReference; lastKnownFileType = text.plist.xml; path = Info.plist; sourceTree = "<group>"; };
		3E97095B1C2239D2000F7E9D /* DonutChart.framework */ = {isa = PBXFileReference; lastKnownFileType = wrapper.framework; name = DonutChart.framework; path = "../DonutChart/build/Debug-iphoneos/DonutChart.framework"; sourceTree = "<group>"; };
/* End PBXFileReference section */

/* Begin PBXFrameworksBuildPhase section */
		3E8526FF1C1B9FAA00F8825B /* Frameworks */ = {
			isa = PBXFrameworksBuildPhase;
			buildActionMask = 2147483647;
			files = (
				3E97095C1C2239D2000F7E9D /* DonutChart.framework in Frameworks */,
				3E1B55431C1FA4F900682C5D /* libsqlite3.tbd in Frameworks */,
				3E1B55411C1FA4EF00682C5D /* libz.tbd in Frameworks */,
				3E1B553F1C1FA4E000682C5D /* SystemConfiguration.framework in Frameworks */,
				3E1B553D1C1FA4D600682C5D /* StoreKit.framework in Frameworks */,
				3E1B553B1C1FA4CF00682C5D /* Security.framework in Frameworks */,
				3E1B55391C1FA4C900682C5D /* QuartzCore.framework in Frameworks */,
				3E1B55371C1FA4C300682C5D /* CoreLocation.framework in Frameworks */,
				3E1B55351C1FA4BB00682C5D /* CoreGraphics.framework in Frameworks */,
				3E1B55331C1FA4B400682C5D /* CFNetwork.framework in Frameworks */,
				3E1B55311C1FA4AC00682C5D /* AudioToolbox.framework in Frameworks */,
				3E5B0ECC1C1F9AB800292A8E /* ServiceLocatorDI.framework in Frameworks */,
				3E5B0ECD1C1F9AB800292A8E /* WorkoutDALParse.framework in Frameworks */,
				3E5B0ECE1C1F9AB800292A8E /* WorkoutProtocols.framework in Frameworks */,
				3E1B552C1C1FA33B00682C5D /* Bolts.framework in Frameworks */,
				3E1B552E1C1FA33B00682C5D /* Parse.framework in Frameworks */,
			);
			runOnlyForDeploymentPostprocessing = 0;
		};
		3E8527131C1B9FAA00F8825B /* Frameworks */ = {
			isa = PBXFrameworksBuildPhase;
			buildActionMask = 2147483647;
			files = (
				3E1B552F1C1FA33B00682C5D /* Parse.framework in Frameworks */,
				3E1B552D1C1FA33B00682C5D /* Bolts.framework in Frameworks */,
			);
			runOnlyForDeploymentPostprocessing = 0;
		};
		3E85271E1C1B9FAA00F8825B /* Frameworks */ = {
			isa = PBXFrameworksBuildPhase;
			buildActionMask = 2147483647;
			files = (
			);
			runOnlyForDeploymentPostprocessing = 0;
		};
/* End PBXFrameworksBuildPhase section */

/* Begin PBXGroup section */
		3E8526F91C1B9FAA00F8825B = {
			isa = PBXGroup;
			children = (
				3E97095B1C2239D2000F7E9D /* DonutChart.framework */,
				3E1B55421C1FA4F900682C5D /* libsqlite3.tbd */,
				3E1B55401C1FA4EF00682C5D /* libz.tbd */,
				3E1B553E1C1FA4E000682C5D /* SystemConfiguration.framework */,
				3E1B553C1C1FA4D600682C5D /* StoreKit.framework */,
				3E1B553A1C1FA4CF00682C5D /* Security.framework */,
				3E1B55381C1FA4C900682C5D /* QuartzCore.framework */,
				3E1B55361C1FA4C300682C5D /* CoreLocation.framework */,
				3E1B55341C1FA4BB00682C5D /* CoreGraphics.framework */,
				3E1B55321C1FA4B400682C5D /* CFNetwork.framework */,
				3E1B55301C1FA4AC00682C5D /* AudioToolbox.framework */,
				3E1B552A1C1FA33B00682C5D /* Bolts.framework */,
				3E1B552B1C1FA33B00682C5D /* Parse.framework */,
				3E5B0EC91C1F9AB800292A8E /* ServiceLocatorDI.framework */,
				3E5B0ECA1C1F9AB800292A8E /* WorkoutDALParse.framework */,
				3E5B0ECB1C1F9AB800292A8E /* WorkoutProtocols.framework */,
				3E8527041C1B9FAA00F8825B /* WorkoutAppDemo */,
				3E8527191C1B9FAA00F8825B /* WorkoutAppDemoTests */,
				3E8527241C1B9FAA00F8825B /* WorkoutAppDemoUITests */,
				3E8527031C1B9FAA00F8825B /* Products */,
			);
			sourceTree = "<group>";
		};
		3E8527031C1B9FAA00F8825B /* Products */ = {
			isa = PBXGroup;
			children = (
				3E8527021C1B9FAA00F8825B /* WorkoutAppDemo.app */,
				3E8527161C1B9FAA00F8825B /* WorkoutAppDemoTests.xctest */,
				3E8527211C1B9FAA00F8825B /* WorkoutAppDemoUITests.xctest */,
			);
			name = Products;
			sourceTree = "<group>";
		};
		3E8527041C1B9FAA00F8825B /* WorkoutAppDemo */ = {
			isa = PBXGroup;
			children = (
				3E8527051C1B9FAA00F8825B /* AppDelegate.swift */,
				3E8527071C1B9FAA00F8825B /* ViewController.swift */,
				3E8527091C1B9FAA00F8825B /* Main.storyboard */,
				3E85270C1C1B9FAA00F8825B /* Assets.xcassets */,
				3E85270E1C1B9FAA00F8825B /* LaunchScreen.storyboard */,
				3E8527111C1B9FAA00F8825B /* Info.plist */,
			);
			path = WorkoutAppDemo;
			sourceTree = "<group>";
		};
		3E8527191C1B9FAA00F8825B /* WorkoutAppDemoTests */ = {
			isa = PBXGroup;
			children = (
				3E85271A1C1B9FAA00F8825B /* WorkoutAppDemoTests.swift */,
				3E85271C1C1B9FAA00F8825B /* Info.plist */,
			);
			path = WorkoutAppDemoTests;
			sourceTree = "<group>";
		};
		3E8527241C1B9FAA00F8825B /* WorkoutAppDemoUITests */ = {
			isa = PBXGroup;
			children = (
				3E8527251C1B9FAA00F8825B /* WorkoutAppDemoUITests.swift */,
				3E8527271C1B9FAA00F8825B /* Info.plist */,
			);
			path = WorkoutAppDemoUITests;
			sourceTree = "<group>";
		};
/* End PBXGroup section */

/* Begin PBXNativeTarget section */
		3E8527011C1B9FAA00F8825B /* WorkoutAppDemo */ = {
			isa = PBXNativeTarget;
			buildConfigurationList = 3E85272A1C1B9FAA00F8825B /* Build configuration list for PBXNativeTarget "WorkoutAppDemo" */;
			buildPhases = (
				3E8526FE1C1B9FAA00F8825B /* Sources */,
				3E8526FF1C1B9FAA00F8825B /* Frameworks */,
				3E8527001C1B9FAA00F8825B /* Resources */,
			);
			buildRules = (
			);
			dependencies = (
			);
			name = WorkoutAppDemo;
			productName = WorkoutAppDemo;
			productReference = 3E8527021C1B9FAA00F8825B /* WorkoutAppDemo.app */;
			productType = "com.apple.product-type.application";
		};
		3E8527151C1B9FAA00F8825B /* WorkoutAppDemoTests */ = {
			isa = PBXNativeTarget;
			buildConfigurationList = 3E85272D1C1B9FAA00F8825B /* Build configuration list for PBXNativeTarget "WorkoutAppDemoTests" */;
			buildPhases = (
				3E8527121C1B9FAA00F8825B /* Sources */,
				3E8527131C1B9FAA00F8825B /* Frameworks */,
				3E8527141C1B9FAA00F8825B /* Resources */,
			);
			buildRules = (
			);
			dependencies = (
				3E8527181C1B9FAA00F8825B /* PBXTargetDependency */,
			);
			name = WorkoutAppDemoTests;
			productName = WorkoutAppDemoTests;
			productReference = 3E8527161C1B9FAA00F8825B /* WorkoutAppDemoTests.xctest */;
			productType = "com.apple.product-type.bundle.unit-test";
		};
		3E8527201C1B9FAA00F8825B /* WorkoutAppDemoUITests */ = {
			isa = PBXNativeTarget;
			buildConfigurationList = 3E8527301C1B9FAA00F8825B /* Build configuration list for PBXNativeTarget "WorkoutAppDemoUITests" */;
			buildPhases = (
				3E85271D1C1B9FAA00F8825B /* Sources */,
				3E85271E1C1B9FAA00F8825B /* Frameworks */,
				3E85271F1C1B9FAA00F8825B /* Resources */,
			);
			buildRules = (
			);
			dependencies = (
				3E8527231C1B9FAA00F8825B /* PBXTargetDependency */,
			);
			name = WorkoutAppDemoUITests;
			productName = WorkoutAppDemoUITests;
			productReference = 3E8527211C1B9FAA00F8825B /* WorkoutAppDemoUITests.xctest */;
			productType = "com.apple.product-type.bundle.ui-testing";
		};
/* End PBXNativeTarget section */

/* Begin PBXProject section */
		3E8526FA1C1B9FAA00F8825B /* Project object */ = {
			isa = PBXProject;
			attributes = {
				LastSwiftUpdateCheck = 0710;
				LastUpgradeCheck = 0710;
				ORGANIZATIONNAME = "Michal Sitko";
				TargetAttributes = {
					3E8527011C1B9FAA00F8825B = {
						CreatedOnToolsVersion = 7.1.1;
					};
					3E8527151C1B9FAA00F8825B = {
						CreatedOnToolsVersion = 7.1.1;
						TestTargetID = 3E8527011C1B9FAA00F8825B;
					};
					3E8527201C1B9FAA00F8825B = {
						CreatedOnToolsVersion = 7.1.1;
						TestTargetID = 3E8527011C1B9FAA00F8825B;
					};
				};
			};
			buildConfigurationList = 3E8526FD1C1B9FAA00F8825B /* Build configuration list for PBXProject "WorkoutAppDemo" */;
			compatibilityVersion = "Xcode 3.2";
			developmentRegion = English;
			hasScannedForEncodings = 0;
			knownRegions = (
				en,
				Base,
			);
			mainGroup = 3E8526F91C1B9FAA00F8825B;
			productRefGroup = 3E8527031C1B9FAA00F8825B /* Products */;
			projectDirPath = "";
			projectRoot = "";
			targets = (
				3E8527011C1B9FAA00F8825B /* WorkoutAppDemo */,
				3E8527151C1B9FAA00F8825B /* WorkoutAppDemoTests */,
				3E8527201C1B9FAA00F8825B /* WorkoutAppDemoUITests */,
			);
		};
/* End PBXProject section */

/* Begin PBXResourcesBuildPhase section */
		3E8527001C1B9FAA00F8825B /* Resources */ = {
			isa = PBXResourcesBuildPhase;
			buildActionMask = 2147483647;
			files = (
				3E8527101C1B9FAA00F8825B /* LaunchScreen.storyboard in Resources */,
				3E85270D1C1B9FAA00F8825B /* Assets.xcassets in Resources */,
				3E85270B1C1B9FAA00F8825B /* Main.storyboard in Resources */,
			);
			runOnlyForDeploymentPostprocessing = 0;
		};
		3E8527141C1B9FAA00F8825B /* Resources */ = {
			isa = PBXResourcesBuildPhase;
			buildActionMask = 2147483647;
			files = (
			);
			runOnlyForDeploymentPostprocessing = 0;
		};
		3E85271F1C1B9FAA00F8825B /* Resources */ = {
			isa = PBXResourcesBuildPhase;
			buildActionMask = 2147483647;
			files = (
			);
			runOnlyForDeploymentPostprocessing = 0;
		};
/* End PBXResourcesBuildPhase section */

/* Begin PBXSourcesBuildPhase section */
		3E8526FE1C1B9FAA00F8825B /* Sources */ = {
			isa = PBXSourcesBuildPhase;
			buildActionMask = 2147483647;
			files = (
				3E8527081C1B9FAA00F8825B /* ViewController.swift in Sources */,
				3E8527061C1B9FAA00F8825B /* AppDelegate.swift in Sources */,
			);
			runOnlyForDeploymentPostprocessing = 0;
		};
		3E8527121C1B9FAA00F8825B /* Sources */ = {
			isa = PBXSourcesBuildPhase;
			buildActionMask = 2147483647;
			files = (
				3E85271B1C1B9FAA00F8825B /* WorkoutAppDemoTests.swift in Sources */,
			);
			runOnlyForDeploymentPostprocessing = 0;
		};
		3E85271D1C1B9FAA00F8825B /* Sources */ = {
			isa = PBXSourcesBuildPhase;
			buildActionMask = 2147483647;
			files = (
				3E8527261C1B9FAA00F8825B /* WorkoutAppDemoUITests.swift in Sources */,
			);
			runOnlyForDeploymentPostprocessing = 0;
		};
/* End PBXSourcesBuildPhase section */

/* Begin PBXTargetDependency section */
		3E8527181C1B9FAA00F8825B /* PBXTargetDependency */ = {
			isa = PBXTargetDependency;
			target = 3E8527011C1B9FAA00F8825B /* WorkoutAppDemo */;
			targetProxy = 3E8527171C1B9FAA00F8825B /* PBXContainerItemProxy */;
		};
		3E8527231C1B9FAA00F8825B /* PBXTargetDependency */ = {
			isa = PBXTargetDependency;
			target = 3E8527011C1B9FAA00F8825B /* WorkoutAppDemo */;
			targetProxy = 3E8527221C1B9FAA00F8825B /* PBXContainerItemProxy */;
		};
/* End PBXTargetDependency section */

/* Begin PBXVariantGroup section */
		3E8527091C1B9FAA00F8825B /* Main.storyboard */ = {
			isa = PBXVariantGroup;
			children = (
				3E85270A1C1B9FAA00F8825B /* Base */,
			);
			name = Main.storyboard;
			sourceTree = "<group>";
		};
		3E85270E1C1B9FAA00F8825B /* LaunchScreen.storyboard */ = {
			isa = PBXVariantGroup;
			children = (
				3E85270F1C1B9FAA00F8825B /* Base */,
			);
			name = LaunchScreen.storyboard;
			sourceTree = "<group>";
		};
/* End PBXVariantGroup section */

/* Begin XCBuildConfiguration section */
		3E8527281C1B9FAA00F8825B /* Debug */ = {
			isa = XCBuildConfiguration;
			buildSettings = {
				ALWAYS_SEARCH_USER_PATHS = NO;
				CLANG_CXX_LANGUAGE_STANDARD = "gnu++0x";
				CLANG_CXX_LIBRARY = "libc++";
				CLANG_ENABLE_MODULES = YES;
				CLANG_ENABLE_OBJC_ARC = YES;
				CLANG_WARN_BOOL_CONVERSION = YES;
				CLANG_WARN_CONSTANT_CONVERSION = YES;
				CLANG_WARN_DIRECT_OBJC_ISA_USAGE = YES_ERROR;
				CLANG_WARN_EMPTY_BODY = YES;
				CLANG_WARN_ENUM_CONVERSION = YES;
				CLANG_WARN_INT_CONVERSION = YES;
				CLANG_WARN_OBJC_ROOT_CLASS = YES_ERROR;
				CLANG_WARN_UNREACHABLE_CODE = YES;
				CLANG_WARN__DUPLICATE_METHOD_MATCH = YES;
				"CODE_SIGN_IDENTITY[sdk=iphoneos*]" = "iPhone Developer";
				COPY_PHASE_STRIP = NO;
				DEBUG_INFORMATION_FORMAT = dwarf;
				ENABLE_STRICT_OBJC_MSGSEND = YES;
				ENABLE_TESTABILITY = YES;
				GCC_C_LANGUAGE_STANDARD = gnu99;
				GCC_DYNAMIC_NO_PIC = NO;
				GCC_NO_COMMON_BLOCKS = YES;
				GCC_OPTIMIZATION_LEVEL = 0;
				GCC_PREPROCESSOR_DEFINITIONS = (
					"DEBUG=1",
					"$(inherited)",
				);
				GCC_WARN_64_TO_32_BIT_CONVERSION = YES;
				GCC_WARN_ABOUT_RETURN_TYPE = YES_ERROR;
				GCC_WARN_UNDECLARED_SELECTOR = YES;
				GCC_WARN_UNINITIALIZED_AUTOS = YES_AGGRESSIVE;
				GCC_WARN_UNUSED_FUNCTION = YES;
				GCC_WARN_UNUSED_VARIABLE = YES;
				IPHONEOS_DEPLOYMENT_TARGET = 9.1;
				MTL_ENABLE_DEBUG_INFO = YES;
				ONLY_ACTIVE_ARCH = YES;
				SDKROOT = iphoneos;
				SWIFT_OPTIMIZATION_LEVEL = "-Onone";
				TARGETED_DEVICE_FAMILY = "1,2";
			};
			name = Debug;
		};
		3E8527291C1B9FAA00F8825B /* Release */ = {
			isa = XCBuildConfiguration;
			buildSettings = {
				ALWAYS_SEARCH_USER_PATHS = NO;
				CLANG_CXX_LANGUAGE_STANDARD = "gnu++0x";
				CLANG_CXX_LIBRARY = "libc++";
				CLANG_ENABLE_MODULES = YES;
				CLANG_ENABLE_OBJC_ARC = YES;
				CLANG_WARN_BOOL_CONVERSION = YES;
				CLANG_WARN_CONSTANT_CONVERSION = YES;
				CLANG_WARN_DIRECT_OBJC_ISA_USAGE = YES_ERROR;
				CLANG_WARN_EMPTY_BODY = YES;
				CLANG_WARN_ENUM_CONVERSION = YES;
				CLANG_WARN_INT_CONVERSION = YES;
				CLANG_WARN_OBJC_ROOT_CLASS = YES_ERROR;
				CLANG_WARN_UNREACHABLE_CODE = YES;
				CLANG_WARN__DUPLICATE_METHOD_MATCH = YES;
				"CODE_SIGN_IDENTITY[sdk=iphoneos*]" = "iPhone Developer";
				COPY_PHASE_STRIP = NO;
				DEBUG_INFORMATION_FORMAT = "dwarf-with-dsym";
				ENABLE_NS_ASSERTIONS = NO;
				ENABLE_STRICT_OBJC_MSGSEND = YES;
				GCC_C_LANGUAGE_STANDARD = gnu99;
				GCC_NO_COMMON_BLOCKS = YES;
				GCC_WARN_64_TO_32_BIT_CONVERSION = YES;
				GCC_WARN_ABOUT_RETURN_TYPE = YES_ERROR;
				GCC_WARN_UNDECLARED_SELECTOR = YES;
				GCC_WARN_UNINITIALIZED_AUTOS = YES_AGGRESSIVE;
				GCC_WARN_UNUSED_FUNCTION = YES;
				GCC_WARN_UNUSED_VARIABLE = YES;
				IPHONEOS_DEPLOYMENT_TARGET = 9.1;
				MTL_ENABLE_DEBUG_INFO = NO;
				SDKROOT = iphoneos;
				TARGETED_DEVICE_FAMILY = "1,2";
				VALIDATE_PRODUCT = YES;
			};
			name = Release;
		};
		3E85272B1C1B9FAA00F8825B /* Debug */ = {
			isa = XCBuildConfiguration;
			buildSettings = {
				ASSETCATALOG_COMPILER_APPICON_NAME = AppIcon;
				FRAMEWORK_SEARCH_PATHS = (
					"$(inherited)",
					"$(PROJECT_DIR)",
				);
				INFOPLIST_FILE = WorkoutAppDemo/Info.plist;
				LD_RUNPATH_SEARCH_PATHS = "$(inherited) @executable_path/Frameworks";
				PRODUCT_BUNDLE_IDENTIFIER = sitko.WorkoutAppDemo;
				PRODUCT_NAME = "$(TARGET_NAME)";
			};
			name = Debug;
		};
		3E85272C1C1B9FAA00F8825B /* Release */ = {
			isa = XCBuildConfiguration;
			buildSettings = {
				ASSETCATALOG_COMPILER_APPICON_NAME = AppIcon;
				FRAMEWORK_SEARCH_PATHS = (
					"$(inherited)",
					"$(PROJECT_DIR)",
				);
				INFOPLIST_FILE = WorkoutAppDemo/Info.plist;
				LD_RUNPATH_SEARCH_PATHS = "$(inherited) @executable_path/Frameworks";
				PRODUCT_BUNDLE_IDENTIFIER = sitko.WorkoutAppDemo;
				PRODUCT_NAME = "$(TARGET_NAME)";
			};
			name = Release;
		};
		3E85272E1C1B9FAA00F8825B /* Debug */ = {
			isa = XCBuildConfiguration;
			buildSettings = {
				BUNDLE_LOADER = "$(TEST_HOST)";
				FRAMEWORK_SEARCH_PATHS = (
					"$(inherited)",
					"$(PROJECT_DIR)",
				);
				INFOPLIST_FILE = WorkoutAppDemoTests/Info.plist;
				LD_RUNPATH_SEARCH_PATHS = "$(inherited) @executable_path/Frameworks @loader_path/Frameworks";
				PRODUCT_BUNDLE_IDENTIFIER = sitko.WorkoutAppDemoTests;
				PRODUCT_NAME = "$(TARGET_NAME)";
				TEST_HOST = "$(BUILT_PRODUCTS_DIR)/WorkoutAppDemo.app/WorkoutAppDemo";
			};
			name = Debug;
		};
		3E85272F1C1B9FAA00F8825B /* Release */ = {
			isa = XCBuildConfiguration;
			buildSettings = {
				BUNDLE_LOADER = "$(TEST_HOST)";
				FRAMEWORK_SEARCH_PATHS = (
					"$(inherited)",
					"$(PROJECT_DIR)",
				);
				INFOPLIST_FILE = WorkoutAppDemoTests/Info.plist;
				LD_RUNPATH_SEARCH_PATHS = "$(inherited) @executable_path/Frameworks @loader_path/Frameworks";
				PRODUCT_BUNDLE_IDENTIFIER = sitko.WorkoutAppDemoTests;
				PRODUCT_NAME = "$(TARGET_NAME)";
				TEST_HOST = "$(BUILT_PRODUCTS_DIR)/WorkoutAppDemo.app/WorkoutAppDemo";
			};
			name = Release;
		};
		3E8527311C1B9FAA00F8825B /* Debug */ = {
			isa = XCBuildConfiguration;
			buildSettings = {
				INFOPLIST_FILE = WorkoutAppDemoUITests/Info.plist;
				LD_RUNPATH_SEARCH_PATHS = "$(inherited) @executable_path/Frameworks @loader_path/Frameworks";
				PRODUCT_BUNDLE_IDENTIFIER = sitko.WorkoutAppDemoUITests;
				PRODUCT_NAME = "$(TARGET_NAME)";
				TEST_TARGET_NAME = WorkoutAppDemo;
				USES_XCTRUNNER = YES;
			};
			name = Debug;
		};
		3E8527321C1B9FAA00F8825B /* Release */ = {
			isa = XCBuildConfiguration;
			buildSettings = {
				INFOPLIST_FILE = WorkoutAppDemoUITests/Info.plist;
				LD_RUNPATH_SEARCH_PATHS = "$(inherited) @executable_path/Frameworks @loader_path/Frameworks";
				PRODUCT_BUNDLE_IDENTIFIER = sitko.WorkoutAppDemoUITests;
				PRODUCT_NAME = "$(TARGET_NAME)";
				TEST_TARGET_NAME = WorkoutAppDemo;
				USES_XCTRUNNER = YES;
			};
			name = Release;
		};
/* End XCBuildConfiguration section */

/* Begin XCConfigurationList section */
		3E8526FD1C1B9FAA00F8825B /* Build configuration list for PBXProject "WorkoutAppDemo" */ = {
			isa = XCConfigurationList;
			buildConfigurations = (
				3E8527281C1B9FAA00F8825B /* Debug */,
				3E8527291C1B9FAA00F8825B /* Release */,
			);
			defaultConfigurationIsVisible = 0;
			defaultConfigurationName = Release;
		};
		3E85272A1C1B9FAA00F8825B /* Build configuration list for PBXNativeTarget "WorkoutAppDemo" */ = {
			isa = XCConfigurationList;
			buildConfigurations = (
				3E85272B1C1B9FAA00F8825B /* Debug */,
				3E85272C1C1B9FAA00F8825B /* Release */,
			);
			defaultConfigurationIsVisible = 0;
			defaultConfigurationName = Release;
		};
		3E85272D1C1B9FAA00F8825B /* Build configuration list for PBXNativeTarget "WorkoutAppDemoTests" */ = {
			isa = XCConfigurationList;
			buildConfigurations = (
				3E85272E1C1B9FAA00F8825B /* Debug */,
				3E85272F1C1B9FAA00F8825B /* Release */,
			);
			defaultConfigurationIsVisible = 0;
			defaultConfigurationName = Release;
		};
		3E8527301C1B9FAA00F8825B /* Build configuration list for PBXNativeTarget "WorkoutAppDemoUITests" */ = {
			isa = XCConfigurationList;
			buildConfigurations = (
				3E8527311C1B9FAA00F8825B /* Debug */,
				3E8527321C1B9FAA00F8825B /* Release */,
			);
			defaultConfigurationIsVisible = 0;
			defaultConfigurationName = Release;
		};
/* End XCConfigurationList section */
	};
	rootObject = 3E8526FA1C1B9FAA00F8825B /* Project object */;
}
